// !$*UTF8*$!
{
	archiveVersion = 1;
	classes = {
	};
	objectVersion = 52;
	objects = {

/* Begin PBXBuildFile section */
		7903355623C0A3E300032986 /* RxSwift in Frameworks */ = {isa = PBXBuildFile; productRef = 7903355523C0A3E300032986 /* RxSwift */; };
		7903355A23C0A3E300032986 /* RxRelay in Frameworks */ = {isa = PBXBuildFile; productRef = 7903355923C0A3E300032986 /* RxRelay */; };
		7903355C23C0A3E300032986 /* RxCocoa in Frameworks */ = {isa = PBXBuildFile; productRef = 7903355B23C0A3E300032986 /* RxCocoa */; };
		7930351C23C0A2E5000D931E /* AppDelegate.swift in Sources */ = {isa = PBXBuildFile; fileRef = 7930351B23C0A2E5000D931E /* AppDelegate.swift */; };
		7930351E23C0A2E5000D931E /* SceneDelegate.swift in Sources */ = {isa = PBXBuildFile; fileRef = 7930351D23C0A2E5000D931E /* SceneDelegate.swift */; };
		7930352023C0A2E5000D931E /* ViewController.swift in Sources */ = {isa = PBXBuildFile; fileRef = 7930351F23C0A2E5000D931E /* ViewController.swift */; };
		7930352323C0A2E5000D931E /* Main.storyboard in Resources */ = {isa = PBXBuildFile; fileRef = 7930352123C0A2E5000D931E /* Main.storyboard */; };
		7930352523C0A2E6000D931E /* Assets.xcassets in Resources */ = {isa = PBXBuildFile; fileRef = 7930352423C0A2E6000D931E /* Assets.xcassets */; };
		7930352823C0A2E6000D931E /* LaunchScreen.storyboard in Resources */ = {isa = PBXBuildFile; fileRef = 7930352623C0A2E6000D931E /* LaunchScreen.storyboard */; };
/* End PBXBuildFile section */

/* Begin PBXContainerItemProxy section */
		7903357D23C0B23E00032986 /* PBXContainerItemProxy */ = {
			isa = PBXContainerItemProxy;
			containerPortal = 7930351023C0A2E5000D931E /* Project object */;
			proxyType = 1;
			remoteGlobalIDString = 7930351723C0A2E5000D931E;
			remoteInfo = "WeatherApp-UIKit";
		};
/* End PBXContainerItemProxy section */

/* Begin PBXFileReference section */
		7903357823C0B23E00032986 /* WeatherApp-UIKitTests.xctest */ = {isa = PBXFileReference; explicitFileType = wrapper.cfbundle; includeInIndex = 0; path = "WeatherApp-UIKitTests.xctest"; sourceTree = BUILT_PRODUCTS_DIR; };
		7903357C23C0B23E00032986 /* Info.plist */ = {isa = PBXFileReference; lastKnownFileType = text.plist.xml; path = Info.plist; sourceTree = "<group>"; };
		7930351823C0A2E5000D931E /* WeatherApp-UIKit.app */ = {isa = PBXFileReference; explicitFileType = wrapper.application; includeInIndex = 0; path = "WeatherApp-UIKit.app"; sourceTree = BUILT_PRODUCTS_DIR; };
		7930351B23C0A2E5000D931E /* AppDelegate.swift */ = {isa = PBXFileReference; lastKnownFileType = sourcecode.swift; path = AppDelegate.swift; sourceTree = "<group>"; };
		7930351D23C0A2E5000D931E /* SceneDelegate.swift */ = {isa = PBXFileReference; lastKnownFileType = sourcecode.swift; path = SceneDelegate.swift; sourceTree = "<group>"; };
		7930351F23C0A2E5000D931E /* ViewController.swift */ = {isa = PBXFileReference; lastKnownFileType = sourcecode.swift; path = ViewController.swift; sourceTree = "<group>"; };
		7930352223C0A2E5000D931E /* Base */ = {isa = PBXFileReference; lastKnownFileType = file.storyboard; name = Base; path = Base.lproj/Main.storyboard; sourceTree = "<group>"; };
		7930352423C0A2E6000D931E /* Assets.xcassets */ = {isa = PBXFileReference; lastKnownFileType = folder.assetcatalog; path = Assets.xcassets; sourceTree = "<group>"; };
		7930352723C0A2E6000D931E /* Base */ = {isa = PBXFileReference; lastKnownFileType = file.storyboard; name = Base; path = Base.lproj/LaunchScreen.storyboard; sourceTree = "<group>"; };
		7930352923C0A2E6000D931E /* Info.plist */ = {isa = PBXFileReference; lastKnownFileType = text.plist.xml; path = Info.plist; sourceTree = "<group>"; };
/* End PBXFileReference section */

/* Begin PBXFrameworksBuildPhase section */
		7903357523C0B23E00032986 /* Frameworks */ = {
			isa = PBXFrameworksBuildPhase;
			buildActionMask = 2147483647;
			files = (
			);
			runOnlyForDeploymentPostprocessing = 0;
		};
		7930351523C0A2E5000D931E /* Frameworks */ = {
			isa = PBXFrameworksBuildPhase;
			buildActionMask = 2147483647;
			files = (
				7903355A23C0A3E300032986 /* RxRelay in Frameworks */,
				7903355C23C0A3E300032986 /* RxCocoa in Frameworks */,
				7903355623C0A3E300032986 /* RxSwift in Frameworks */,
			);
			runOnlyForDeploymentPostprocessing = 0;
		};
/* End PBXFrameworksBuildPhase section */

/* Begin PBXGroup section */
		7903357123C0B0B000032986 /* Frameworks */ = {
			isa = PBXGroup;
			children = (
			);
			name = Frameworks;
			sourceTree = "<group>";
		};
		7903357923C0B23E00032986 /* WeatherApp-UIKitTests */ = {
			isa = PBXGroup;
			children = (
				7903357C23C0B23E00032986 /* Info.plist */,
			);
			path = "WeatherApp-UIKitTests";
			sourceTree = "<group>";
		};
		7930350F23C0A2E5000D931E = {
			isa = PBXGroup;
			children = (
				7930351A23C0A2E5000D931E /* WeatherApp-UIKit */,
				7903357923C0B23E00032986 /* WeatherApp-UIKitTests */,
				7930351923C0A2E5000D931E /* Products */,
				7903357123C0B0B000032986 /* Frameworks */,
			);
			sourceTree = "<group>";
		};
		7930351923C0A2E5000D931E /* Products */ = {
			isa = PBXGroup;
			children = (
				7930351823C0A2E5000D931E /* WeatherApp-UIKit.app */,
				7903357823C0B23E00032986 /* WeatherApp-UIKitTests.xctest */,
			);
			name = Products;
			sourceTree = "<group>";
		};
		7930351A23C0A2E5000D931E /* WeatherApp-UIKit */ = {
			isa = PBXGroup;
			children = (
				7930351B23C0A2E5000D931E /* AppDelegate.swift */,
				7930351D23C0A2E5000D931E /* SceneDelegate.swift */,
				7930351F23C0A2E5000D931E /* ViewController.swift */,
				7930352123C0A2E5000D931E /* Main.storyboard */,
				7930352423C0A2E6000D931E /* Assets.xcassets */,
				7930352623C0A2E6000D931E /* LaunchScreen.storyboard */,
				7930352923C0A2E6000D931E /* Info.plist */,
			);
			path = "WeatherApp-UIKit";
			sourceTree = "<group>";
		};
/* End PBXGroup section */

/* Begin PBXNativeTarget section */
		7903357723C0B23E00032986 /* WeatherApp-UIKitTests */ = {
			isa = PBXNativeTarget;
			buildConfigurationList = 7903357F23C0B23E00032986 /* Build configuration list for PBXNativeTarget "WeatherApp-UIKitTests" */;
			buildPhases = (
				7903357423C0B23E00032986 /* Sources */,
				7903357523C0B23E00032986 /* Frameworks */,
				7903357623C0B23E00032986 /* Resources */,
			);
			buildRules = (
			);
			dependencies = (
				7903357E23C0B23E00032986 /* PBXTargetDependency */,
			);
			name = "WeatherApp-UIKitTests";
			productName = "WeatherApp-UIKitTests";
			productReference = 7903357823C0B23E00032986 /* WeatherApp-UIKitTests.xctest */;
			productType = "com.apple.product-type.bundle.unit-test";
		};
		7930351723C0A2E5000D931E /* WeatherApp-UIKit */ = {
			isa = PBXNativeTarget;
			buildConfigurationList = 7930352C23C0A2E6000D931E /* Build configuration list for PBXNativeTarget "WeatherApp-UIKit" */;
			buildPhases = (
				7930351423C0A2E5000D931E /* Sources */,
				7930351523C0A2E5000D931E /* Frameworks */,
				7930351623C0A2E5000D931E /* Resources */,
			);
			buildRules = (
			);
			dependencies = (
			);
			name = "WeatherApp-UIKit";
			packageProductDependencies = (
				7903355523C0A3E300032986 /* RxSwift */,
				7903355923C0A3E300032986 /* RxRelay */,
				7903355B23C0A3E300032986 /* RxCocoa */,
			);
			productName = "WeatherApp-UIKit";
			productReference = 7930351823C0A2E5000D931E /* WeatherApp-UIKit.app */;
			productType = "com.apple.product-type.application";
		};
/* End PBXNativeTarget section */

/* Begin PBXProject section */
		7930351023C0A2E5000D931E /* Project object */ = {
			isa = PBXProject;
			attributes = {
				LastSwiftUpdateCheck = 1120;
				LastUpgradeCheck = 1120;
				ORGANIZATIONNAME = "Industrial Binaries";
				TargetAttributes = {
					7903357723C0B23E00032986 = {
						CreatedOnToolsVersion = 11.2.1;
						TestTargetID = 7930351723C0A2E5000D931E;
					};
					7930351723C0A2E5000D931E = {
						CreatedOnToolsVersion = 11.2.1;
					};
				};
			};
			buildConfigurationList = 7930351323C0A2E5000D931E /* Build configuration list for PBXProject "WeatherApp-UIKit" */;
			compatibilityVersion = "Xcode 9.3";
			developmentRegion = en;
			hasScannedForEncodings = 0;
			knownRegions = (
				en,
				Base,
			);
			mainGroup = 7930350F23C0A2E5000D931E;
			packageReferences = (
				7903355423C0A3E300032986 /* XCRemoteSwiftPackageReference "RxSwift" */,
			);
			productRefGroup = 7930351923C0A2E5000D931E /* Products */;
			projectDirPath = "";
			projectRoot = "";
			targets = (
				7930351723C0A2E5000D931E /* WeatherApp-UIKit */,
				7903357723C0B23E00032986 /* WeatherApp-UIKitTests */,
			);
		};
/* End PBXProject section */

/* Begin PBXResourcesBuildPhase section */
		7903357623C0B23E00032986 /* Resources */ = {
			isa = PBXResourcesBuildPhase;
			buildActionMask = 2147483647;
			files = (
			);
			runOnlyForDeploymentPostprocessing = 0;
		};
		7930351623C0A2E5000D931E /* Resources */ = {
			isa = PBXResourcesBuildPhase;
			buildActionMask = 2147483647;
			files = (
				7930352823C0A2E6000D931E /* LaunchScreen.storyboard in Resources */,
				7930352523C0A2E6000D931E /* Assets.xcassets in Resources */,
				7930352323C0A2E5000D931E /* Main.storyboard in Resources */,
			);
			runOnlyForDeploymentPostprocessing = 0;
		};
/* End PBXResourcesBuildPhase section */

/* Begin PBXSourcesBuildPhase section */
		7903357423C0B23E00032986 /* Sources */ = {
			isa = PBXSourcesBuildPhase;
			buildActionMask = 2147483647;
			files = (
			);
			runOnlyForDeploymentPostprocessing = 0;
		};
		7930351423C0A2E5000D931E /* Sources */ = {
			isa = PBXSourcesBuildPhase;
			buildActionMask = 2147483647;
			files = (
				7930352023C0A2E5000D931E /* ViewController.swift in Sources */,
				7930351C23C0A2E5000D931E /* AppDelegate.swift in Sources */,
				7930351E23C0A2E5000D931E /* SceneDelegate.swift in Sources */,
			);
			runOnlyForDeploymentPostprocessing = 0;
		};
/* End PBXSourcesBuildPhase section */

/* Begin PBXTargetDependency section */
		7903357E23C0B23E00032986 /* PBXTargetDependency */ = {
			isa = PBXTargetDependency;
			target = 7930351723C0A2E5000D931E /* WeatherApp-UIKit */;
			targetProxy = 7903357D23C0B23E00032986 /* PBXContainerItemProxy */;
		};
/* End PBXTargetDependency section */

/* Begin PBXVariantGroup section */
		7930352123C0A2E5000D931E /* Main.storyboard */ = {
			isa = PBXVariantGroup;
			children = (
				7930352223C0A2E5000D931E /* Base */,
			);
			name = Main.storyboard;
			sourceTree = "<group>";
		};
		7930352623C0A2E6000D931E /* LaunchScreen.storyboard */ = {
			isa = PBXVariantGroup;
			children = (
				7930352723C0A2E6000D931E /* Base */,
			);
			name = LaunchScreen.storyboard;
			sourceTree = "<group>";
		};
/* End PBXVariantGroup section */

/* Begin XCBuildConfiguration section */
		7903358023C0B23E00032986 /* Debug */ = {
			isa = XCBuildConfiguration;
			buildSettings = {
				BUNDLE_LOADER = "$(TEST_HOST)";
				CODE_SIGN_STYLE = Automatic;
				DEVELOPMENT_TEAM = X53G3KMVA6;
				INFOPLIST_FILE = "WeatherApp-UIKitTests/Info.plist";
				LD_RUNPATH_SEARCH_PATHS = (
					"$(inherited)",
					"@executable_path/Frameworks",
					"@loader_path/Frameworks",
				);
				PRODUCT_BUNDLE_IDENTIFIER = "co.industrial-bianries.WeatherApp-UIKitTests";
				PRODUCT_NAME = "$(TARGET_NAME)";
				SWIFT_VERSION = 5.0;
				TARGETED_DEVICE_FAMILY = "1,2";
				TEST_HOST = "$(BUILT_PRODUCTS_DIR)/WeatherApp-UIKit.app/WeatherApp-UIKit";
			};
			name = Debug;
		};
		7903358123C0B23E00032986 /* Release */ = {
			isa = XCBuildConfiguration;
			buildSettings = {
				BUNDLE_LOADER = "$(TEST_HOST)";
				CODE_SIGN_STYLE = Automatic;
				DEVELOPMENT_TEAM = X53G3KMVA6;
				INFOPLIST_FILE = "WeatherApp-UIKitTests/Info.plist";
				LD_RUNPATH_SEARCH_PATHS = (
					"$(inherited)",
					"@executable_path/Frameworks",
					"@loader_path/Frameworks",
				);
				PRODUCT_BUNDLE_IDENTIFIER = "co.industrial-bianries.WeatherApp-UIKitTests";
				PRODUCT_NAME = "$(TARGET_NAME)";
				SWIFT_VERSION = 5.0;
				TARGETED_DEVICE_FAMILY = "1,2";
				TEST_HOST = "$(BUILT_PRODUCTS_DIR)/WeatherApp-UIKit.app/WeatherApp-UIKit";
			};
			name = Release;
		};
		7930352A23C0A2E6000D931E /* Debug */ = {
			isa = XCBuildConfiguration;
			buildSettings = {
				ALWAYS_SEARCH_USER_PATHS = NO;
				CLANG_ANALYZER_NONNULL = YES;
				CLANG_ANALYZER_NUMBER_OBJECT_CONVERSION = YES_AGGRESSIVE;
				CLANG_CXX_LANGUAGE_STANDARD = "gnu++14";
				CLANG_CXX_LIBRARY = "libc++";
				CLANG_ENABLE_MODULES = YES;
				CLANG_ENABLE_OBJC_ARC = YES;
				CLANG_ENABLE_OBJC_WEAK = YES;
				CLANG_WARN_BLOCK_CAPTURE_AUTORELEASING = YES;
				CLANG_WARN_BOOL_CONVERSION = YES;
				CLANG_WARN_COMMA = YES;
				CLANG_WARN_CONSTANT_CONVERSION = YES;
				CLANG_WARN_DEPRECATED_OBJC_IMPLEMENTATIONS = YES;
				CLANG_WARN_DIRECT_OBJC_ISA_USAGE = YES_ERROR;
				CLANG_WARN_DOCUMENTATION_COMMENTS = YES;
				CLANG_WARN_EMPTY_BODY = YES;
				CLANG_WARN_ENUM_CONVERSION = YES;
				CLANG_WARN_INFINITE_RECURSION = YES;
				CLANG_WARN_INT_CONVERSION = YES;
				CLANG_WARN_NON_LITERAL_NULL_CONVERSION = YES;
				CLANG_WARN_OBJC_IMPLICIT_RETAIN_SELF = YES;
				CLANG_WARN_OBJC_LITERAL_CONVERSION = YES;
				CLANG_WARN_OBJC_ROOT_CLASS = YES_ERROR;
				CLANG_WARN_RANGE_LOOP_ANALYSIS = YES;
				CLANG_WARN_STRICT_PROTOTYPES = YES;
				CLANG_WARN_SUSPICIOUS_MOVE = YES;
				CLANG_WARN_UNGUARDED_AVAILABILITY = YES_AGGRESSIVE;
				CLANG_WARN_UNREACHABLE_CODE = YES;
				CLANG_WARN__DUPLICATE_METHOD_MATCH = YES;
				COPY_PHASE_STRIP = NO;
				DEBUG_INFORMATION_FORMAT = dwarf;
				ENABLE_STRICT_OBJC_MSGSEND = YES;
				ENABLE_TESTABILITY = YES;
				GCC_C_LANGUAGE_STANDARD = gnu11;
				GCC_DYNAMIC_NO_PIC = NO;
				GCC_NO_COMMON_BLOCKS = YES;
				GCC_OPTIMIZATION_LEVEL = 0;
				GCC_PREPROCESSOR_DEFINITIONS = (
					"DEBUG=1",
					"$(inherited)",
				);
				GCC_WARN_64_TO_32_BIT_CONVERSION = YES;
				GCC_WARN_ABOUT_RETURN_TYPE = YES_ERROR;
				GCC_WARN_UNDECLARED_SELECTOR = YES;
				GCC_WARN_UNINITIALIZED_AUTOS = YES_AGGRESSIVE;
				GCC_WARN_UNUSED_FUNCTION = YES;
				GCC_WARN_UNUSED_VARIABLE = YES;
				IPHONEOS_DEPLOYMENT_TARGET = 13.2;
				MTL_ENABLE_DEBUG_INFO = INCLUDE_SOURCE;
				MTL_FAST_MATH = YES;
				ONLY_ACTIVE_ARCH = YES;
				SDKROOT = iphoneos;
				SWIFT_ACTIVE_COMPILATION_CONDITIONS = DEBUG;
				SWIFT_OPTIMIZATION_LEVEL = "-Onone";
			};
			name = Debug;
		};
		7930352B23C0A2E6000D931E /* Release */ = {
			isa = XCBuildConfiguration;
			buildSettings = {
				ALWAYS_SEARCH_USER_PATHS = NO;
				CLANG_ANALYZER_NONNULL = YES;
				CLANG_ANALYZER_NUMBER_OBJECT_CONVERSION = YES_AGGRESSIVE;
				CLANG_CXX_LANGUAGE_STANDARD = "gnu++14";
				CLANG_CXX_LIBRARY = "libc++";
				CLANG_ENABLE_MODULES = YES;
				CLANG_ENABLE_OBJC_ARC = YES;
				CLANG_ENABLE_OBJC_WEAK = YES;
				CLANG_WARN_BLOCK_CAPTURE_AUTORELEASING = YES;
				CLANG_WARN_BOOL_CONVERSION = YES;
				CLANG_WARN_COMMA = YES;
				CLANG_WARN_CONSTANT_CONVERSION = YES;
				CLANG_WARN_DEPRECATED_OBJC_IMPLEMENTATIONS = YES;
				CLANG_WARN_DIRECT_OBJC_ISA_USAGE = YES_ERROR;
				CLANG_WARN_DOCUMENTATION_COMMENTS = YES;
				CLANG_WARN_EMPTY_BODY = YES;
				CLANG_WARN_ENUM_CONVERSION = YES;
				CLANG_WARN_INFINITE_RECURSION = YES;
				CLANG_WARN_INT_CONVERSION = YES;
				CLANG_WARN_NON_LITERAL_NULL_CONVERSION = YES;
				CLANG_WARN_OBJC_IMPLICIT_RETAIN_SELF = YES;
				CLANG_WARN_OBJC_LITERAL_CONVERSION = YES;
				CLANG_WARN_OBJC_ROOT_CLASS = YES_ERROR;
				CLANG_WARN_RANGE_LOOP_ANALYSIS = YES;
				CLANG_WARN_STRICT_PROTOTYPES = YES;
				CLANG_WARN_SUSPICIOUS_MOVE = YES;
				CLANG_WARN_UNGUARDED_AVAILABILITY = YES_AGGRESSIVE;
				CLANG_WARN_UNREACHABLE_CODE = YES;
				CLANG_WARN__DUPLICATE_METHOD_MATCH = YES;
				COPY_PHASE_STRIP = NO;
				DEBUG_INFORMATION_FORMAT = "dwarf-with-dsym";
				ENABLE_NS_ASSERTIONS = NO;
				ENABLE_STRICT_OBJC_MSGSEND = YES;
				GCC_C_LANGUAGE_STANDARD = gnu11;
				GCC_NO_COMMON_BLOCKS = YES;
				GCC_WARN_64_TO_32_BIT_CONVERSION = YES;
				GCC_WARN_ABOUT_RETURN_TYPE = YES_ERROR;
				GCC_WARN_UNDECLARED_SELECTOR = YES;
				GCC_WARN_UNINITIALIZED_AUTOS = YES_AGGRESSIVE;
				GCC_WARN_UNUSED_FUNCTION = YES;
				GCC_WARN_UNUSED_VARIABLE = YES;
				IPHONEOS_DEPLOYMENT_TARGET = 13.2;
				MTL_ENABLE_DEBUG_INFO = NO;
				MTL_FAST_MATH = YES;
				SDKROOT = iphoneos;
				SWIFT_COMPILATION_MODE = wholemodule;
				SWIFT_OPTIMIZATION_LEVEL = "-O";
				VALIDATE_PRODUCT = YES;
			};
			name = Release;
		};
		7930352D23C0A2E6000D931E /* Debug */ = {
			isa = XCBuildConfiguration;
			buildSettings = {
				ASSETCATALOG_COMPILER_APPICON_NAME = AppIcon;
				CODE_SIGN_STYLE = Automatic;
				DEVELOPMENT_TEAM = X53G3KMVA6;
				INFOPLIST_FILE = "WeatherApp-UIKit/Info.plist";
				LD_RUNPATH_SEARCH_PATHS = (
					"$(inherited)",
					"@executable_path/Frameworks",
				);
				PRODUCT_BUNDLE_IDENTIFIER = "co.industrial-bianries.WeatherApp-UIKit";
				PRODUCT_NAME = "$(TARGET_NAME)";
				SWIFT_VERSION = 5.0;
				TARGETED_DEVICE_FAMILY = "1,2";
			};
			name = Debug;
		};
		7930352E23C0A2E6000D931E /* Release */ = {
			isa = XCBuildConfiguration;
			buildSettings = {
				ASSETCATALOG_COMPILER_APPICON_NAME = AppIcon;
				CODE_SIGN_STYLE = Automatic;
				DEVELOPMENT_TEAM = X53G3KMVA6;
				INFOPLIST_FILE = "WeatherApp-UIKit/Info.plist";
				LD_RUNPATH_SEARCH_PATHS = (
					"$(inherited)",
					"@executable_path/Frameworks",
				);
				PRODUCT_BUNDLE_IDENTIFIER = "co.industrial-bianries.WeatherApp-UIKit";
				PRODUCT_NAME = "$(TARGET_NAME)";
				SWIFT_VERSION = 5.0;
				TARGETED_DEVICE_FAMILY = "1,2";
			};
			name = Release;
		};
/* End XCBuildConfiguration section */

/* Begin XCConfigurationList section */
		7903357F23C0B23E00032986 /* Build configuration list for PBXNativeTarget "WeatherApp-UIKitTests" */ = {
			isa = XCConfigurationList;
			buildConfigurations = (
				7903358023C0B23E00032986 /* Debug */,
				7903358123C0B23E00032986 /* Release */,
			);
			defaultConfigurationIsVisible = 0;
			defaultConfigurationName = Release;
		};
		7930351323C0A2E5000D931E /* Build configuration list for PBXProject "WeatherApp-UIKit" */ = {
			isa = XCConfigurationList;
			buildConfigurations = (
				7930352A23C0A2E6000D931E /* Debug */,
				7930352B23C0A2E6000D931E /* Release */,
			);
			defaultConfigurationIsVisible = 0;
			defaultConfigurationName = Release;
		};
		7930352C23C0A2E6000D931E /* Build configuration list for PBXNativeTarget "WeatherApp-UIKit" */ = {
			isa = XCConfigurationList;
			buildConfigurations = (
				7930352D23C0A2E6000D931E /* Debug */,
				7930352E23C0A2E6000D931E /* Release */,
			);
			defaultConfigurationIsVisible = 0;
			defaultConfigurationName = Release;
		};
/* End XCConfigurationList section */

/* Begin XCRemoteSwiftPackageReference section */
		7903355423C0A3E300032986 /* XCRemoteSwiftPackageReference "RxSwift" */ = {
			isa = XCRemoteSwiftPackageReference;
			repositoryURL = "https://github.com/ReactiveX/RxSwift";
			requirement = {
				kind = upToNextMajorVersion;
				minimumVersion = 5.0.1;
			};
		};
/* End XCRemoteSwiftPackageReference section */

/* Begin XCSwiftPackageProductDependency section */
		7903355523C0A3E300032986 /* RxSwift */ = {
			isa = XCSwiftPackageProductDependency;
			package = 7903355423C0A3E300032986 /* XCRemoteSwiftPackageReference "RxSwift" */;
			productName = RxSwift;
		};
		7903355923C0A3E300032986 /* RxRelay */ = {
			isa = XCSwiftPackageProductDependency;
			package = 7903355423C0A3E300032986 /* XCRemoteSwiftPackageReference "RxSwift" */;
			productName = RxRelay;
		};
		7903355B23C0A3E300032986 /* RxCocoa */ = {
			isa = XCSwiftPackageProductDependency;
			package = 7903355423C0A3E300032986 /* XCRemoteSwiftPackageReference "RxSwift" */;
			productName = RxCocoa;
		};
/* End XCSwiftPackageProductDependency section */
	};
	rootObject = 7930351023C0A2E5000D931E /* Project object */;
}
